
Microsoft Visual Studio Solution File, Format Version 12.00
# Visual Studio Version 17
VisualStudioVersion = 17.4.33205.214
MinimumVisualStudioVersion = 10.0.40219.1
Project("{FAE04EC0-301F-11D3-BF4B-00C04F79EFBC}") = "MyPRN221", "MyPRN221\MyPRN221.csproj", "{C868D37F-BC88-479B-BD39-7B61859057FD}"
EndProject
Global
	GlobalSection(SolutionConfigurationPlatforms) = preSolution
		Debug|Any CPU = Debug|Any CPU
		Release|Any CPU = Release|Any CPU
	EndGlobalSection
	GlobalSection(ProjectConfigurationPlatforms) = postSolution
		{C868D37F-BC88-479B-BD39-7B61859057FD}.Debug|Any CPU.ActiveCfg = Debug|Any CPU
		{C868D37F-BC88-479B-BD39-7B61859057FD}.Debug|Any CPU.Build.0 = Debug|Any CPU
		{C868D37F-BC88-479B-BD39-7B61859057FD}.Release|Any CPU.ActiveCfg = Release|Any CPU
		{C868D37F-BC88-479B-BD39-7B61859057FD}.Release|Any CPU.Build.0 = Release|Any CPU
	EndGlobalSection
	GlobalSection(SolutionProperties) = preSolution
		HideSolutionNode = FALSE
	EndGlobalSection
	GlobalSection(ExtensibilityGlobals) = postSolution
		SolutionGuid = {809852A2-89BF-449B-8137-EAA59B6D371A}
	EndGlobalSection
EndGlobal
